
Microsoft Visual Studio Solution File, Format Version 12.00
# Visual Studio Version 17
VisualStudioVersion = 17.0.31903.59
MinimumVisualStudioVersion = 10.0.40219.1
Project("{FAE04EC0-301F-11D3-BF4B-00C04F79EFBC}") = "Aeron.Native", "Aeron.Native\Aeron.Native.csproj", "{BD9FFA55-E4C4-443B-83E1-291C08E385E4}"
EndProject
Project("{FAE04EC0-301F-11D3-BF4B-00C04F79EFBC}") = "Aeron.Benchmarks", "Aeron.Benchmarks\Aeron.Benchmarks.csproj", "{C5C85E29-1E2B-41EC-A649-315A9D0C30A1}"
EndProject
Global
	GlobalSection(SolutionConfigurationPlatforms) = preSolution
		Debug|Any CPU = Debug|Any CPU
		Release|Any CPU = Release|Any CPU
	EndGlobalSection
	GlobalSection(SolutionProperties) = preSolution
		HideSolutionNode = FALSE
	EndGlobalSection
	GlobalSection(ProjectConfigurationPlatforms) = postSolution
		{BD9FFA55-E4C4-443B-83E1-291C08E385E4}.Debug|Any CPU.ActiveCfg = Debug|Any CPU
		{BD9FFA55-E4C4-443B-83E1-291C08E385E4}.Debug|Any CPU.Build.0 = Debug|Any CPU
		{BD9FFA55-E4C4-443B-83E1-291C08E385E4}.Release|Any CPU.ActiveCfg = Release|Any CPU
		{BD9FFA55-E4C4-443B-83E1-291C08E385E4}.Release|Any CPU.Build.0 = Release|Any CPU
		{C5C85E29-1E2B-41EC-A649-315A9D0C30A1}.Debug|Any CPU.ActiveCfg = Debug|Any CPU
		{C5C85E29-1E2B-41EC-A649-315A9D0C30A1}.Debug|Any CPU.Build.0 = Debug|Any CPU
		{C5C85E29-1E2B-41EC-A649-315A9D0C30A1}.Release|Any CPU.ActiveCfg = Release|Any CPU
		{C5C85E29-1E2B-41EC-A649-315A9D0C30A1}.Release|Any CPU.Build.0 = Release|Any CPU
	EndGlobalSection
EndGlobal
